// !$*UTF8*$!
{
	archiveVersion = 1;
	classes = {
	};
	objectVersion = 77;
	objects = {

/* Begin PBXBuildFile section */
        100000000000000000000102 /* LoadStarAppUITests.swift in Sources */ = {isa = PBXBuildFile; fileRef = 100000000000000000000005 /* LoadStarAppUITests.swift */; };
        100000000000000000000011 /* LoadStarDomain in Frameworks */ = {isa = PBXBuildFile; productRef = 100000000000000000000021 /* LoadStarDomain */; };
        100000000000000000000012 /* LoadStarUI in Frameworks */ = {isa = PBXBuildFile; productRef = 100000000000000000000022 /* LoadStarUI */; };
        100000000000000000000013 /* LoadStarServices in Frameworks */ = {isa = PBXBuildFile; productRef = 100000000000000000000023 /* LoadStarServices */; };
/* End PBXBuildFile section */

/* Begin PBXFileReference section */
        100000000000000000000003 /* LoadStar.app */ = {isa = PBXFileReference; explicitFileType = wrapper.application; includeInIndex = 0; path = LoadStar.app; sourceTree = BUILT_PRODUCTS_DIR; };
        100000000000000000000004 /* LoadStarAppUITests.xctest */ = {isa = PBXFileReference; explicitFileType = wrapper.cfbundle.xctest; includeInIndex = 0; path = LoadStarAppUITests.xctest; sourceTree = BUILT_PRODUCTS_DIR; };
        100000000000000000000005 /* LoadStarAppUITests.swift */ = {isa = PBXFileReference; lastKnownFileType = sourcecode.swift; path = LoadStarAppUITests.swift; sourceTree = "<group>"; };
/* End PBXFileReference section */

/* Begin PBXFileSystemSynchronizedRootGroup section */
		100000000000000000000031 /* App */ = {
			isa = PBXFileSystemSynchronizedRootGroup;
			path = Loadstar/App;
			sourceTree = "<group>";
		};
        100000000000000000000032 /* Resources */ = {
            isa = PBXFileSystemSynchronizedRootGroup;
            path = Loadstar/Resources;
            sourceTree = "<group>";
        };
        100000000000000000000033 /* App UI Tests */ = {
            isa = PBXFileSystemSynchronizedRootGroup;
            path = Tests/LoadStarAppUITests;
            sourceTree = "<group>";
        };
/* End PBXFileSystemSynchronizedRootGroup section */

/* Begin PBXFrameworksBuildPhase section */
		100000000000000000000041 /* Frameworks */ = {
			isa = PBXFrameworksBuildPhase;
			buildActionMask = 2147483647;
            files = (
                100000000000000000000011 /* LoadStarDomain in Frameworks */,
                100000000000000000000012 /* LoadStarUI in Frameworks */,
                100000000000000000000013 /* LoadStarServices in Frameworks */,
            );
			runOnlyForDeploymentPostprocessing = 0;
		};
/* End PBXFrameworksBuildPhase section */

/* Begin PBXGroup section */
		100000000000000000000001 = {
			isa = PBXGroup;
		children = (
				100000000000000000000031 /* App */,
				100000000000000000000032 /* Resources */,
				100000000000000000000034 /* App UI Tests */,
				100000000000000000000002 /* Products */,
			);
			sourceTree = "<group>";
		};
		100000000000000000000002 /* Products */ = {
			isa = PBXGroup;
            children = (
                100000000000000000000003 /* LoadStar.app */,
                100000000000000000000004 /* LoadStarAppUITests.xctest */,
            );
			name = Products;
			sourceTree = "<group>";
		};
        100000000000000000000034 /* App UI Tests */ = {
            isa = PBXGroup;
            children = (
                100000000000000000000005 /* LoadStarAppUITests.swift */,
            );
            path = Tests/LoadStarAppUITests;
            sourceTree = "<group>";
        };
/* End PBXGroup section */

/* Begin PBXNativeTarget section */
		100000000000000000000051 /* LoadStar */ = {
			isa = PBXNativeTarget;
			buildConfigurationList = 100000000000000000000061 /* Build configuration list for PBXNativeTarget "LoadStar" */;
			buildPhases = (
				100000000000000000000071 /* Sources */,
				100000000000000000000041 /* Frameworks */,
				100000000000000000000072 /* Resources */,
			);
			buildRules = (
			);
			dependencies = (
			);
			fileSystemSynchronizedGroups = (
				100000000000000000000031 /* App */,
				100000000000000000000032 /* Resources */,
			);
			name = LoadStar;
            packageProductDependencies = (
                100000000000000000000021 /* LoadStarDomain */,
                100000000000000000000022 /* LoadStarUI */,
                100000000000000000000023 /* LoadStarServices */,
            );
			productName = LoadStar;
			productReference = 100000000000000000000003 /* LoadStar.app */;
            productType = "com.apple.product-type.application";
        };
        100000000000000000000052 /* LoadStarAppUITests */ = {
            isa = PBXNativeTarget;
            buildConfigurationList = 100000000000000000000062 /* Build configuration list for PBXNativeTarget "LoadStarAppUITests" */;
            buildPhases = (
                100000000000000000000073 /* App UI Tests Sources */,
                100000000000000000000074 /* App UI Tests Frameworks */,
                100000000000000000000075 /* App UI Tests Resources */,
            );
            buildRules = (
            );
            dependencies = (
                100000000000000000000081 /* PBXTargetDependency */,
            );
            name = LoadStarAppUITests;
            productName = LoadStarAppUITests;
            productReference = 100000000000000000000004 /* LoadStarAppUITests.xctest */;
            productType = "com.apple.product-type.bundle.ui-testing";
        };
/* End PBXNativeTarget section */

/* Begin PBXProject section */
		100000000000000000000101 /* Project object */ = {
			isa = PBXProject;
			attributes = {
				BuildIndependentTargetsInParallel = YES;
				LastSwiftUpdateCheck = 2630;
				LastUpgradeCheck = 2630;
				TargetAttributes = {
                    100000000000000000000051 = {
                        CreatedOnToolsVersion = 26.3;
                    };
                    100000000000000000000052 = {
                        CreatedOnToolsVersion = 26.3;
                        TestTargetID = 100000000000000000000051;
                    };
				};
			};
			buildConfigurationList = 100000000000000000000111 /* Build configuration list for PBXProject "LoadStar" */;
			developmentRegion = en;
			hasScannedForEncodings = 0;
			knownRegions = (
				en,
				Base,
				ja,
			);
			mainGroup = 100000000000000000000001;
			minimizedProjectReferenceProxies = 1;
			packageReferences = (
				100000000000000000000121 /* XCLocalSwiftPackageReference "." */,
			);
			preferredProjectObjectVersion = 77;
			productRefGroup = 100000000000000000000002 /* Products */;
			projectDirPath = "";
			projectRoot = "";
            targets = (
                100000000000000000000051 /* LoadStar */,
                100000000000000000000052 /* LoadStarAppUITests */,
            );
		};
/* End PBXProject section */

/* Begin PBXResourcesBuildPhase section */
		100000000000000000000072 /* Resources */ = {
			isa = PBXResourcesBuildPhase;
			buildActionMask = 2147483647;
			files = (
			);
			runOnlyForDeploymentPostprocessing = 0;
		};
/* End PBXResourcesBuildPhase section */

/* Begin PBXTargetDependency section */
        100000000000000000000081 /* PBXTargetDependency */ = {
            isa = PBXTargetDependency;
            target = 100000000000000000000051 /* LoadStar */;
            targetProxy = 100000000000000000000091 /* PBXContainerItemProxy */;
        };
/* End PBXTargetDependency section */

/* Begin PBXContainerItemProxy section */
        100000000000000000000091 /* PBXContainerItemProxy */ = {
            isa = PBXContainerItemProxy;
            containerPortal = 100000000000000000000101 /* Project object */;
            proxyType = 1;
            remoteGlobalIDString = 100000000000000000000051;
            remoteInfo = LoadStar;
        };
/* End PBXContainerItemProxy section */

/* Begin PBXSourcesBuildPhase section */
		100000000000000000000071 /* Sources */ = {
			isa = PBXSourcesBuildPhase;
			buildActionMask = 2147483647;
			files = (
			);
			runOnlyForDeploymentPostprocessing = 0;
		};
/* End PBXSourcesBuildPhase section */

/* Begin PBXFrameworksBuildPhase (UI Tests) section */
        100000000000000000000074 /* App UI Tests Frameworks */ = {
            isa = PBXFrameworksBuildPhase;
            buildActionMask = 2147483647;
            files = (
            );
            runOnlyForDeploymentPostprocessing = 0;
        };
/* End PBXFrameworksBuildPhase (UI Tests) section */

/* Begin PBXResourcesBuildPhase (UI Tests) section */
        100000000000000000000075 /* App UI Tests Resources */ = {
            isa = PBXResourcesBuildPhase;
            buildActionMask = 2147483647;
            files = (
            );
            runOnlyForDeploymentPostprocessing = 0;
        };
/* End PBXResourcesBuildPhase (UI Tests) section */

/* Begin PBXSourcesBuildPhase (UI Tests) section */
        100000000000000000000073 /* App UI Tests Sources */ = {
            isa = PBXSourcesBuildPhase;
            buildActionMask = 2147483647;
            files = (
                100000000000000000000102 /* LoadStarAppUITests.swift in Sources */,
            );
            runOnlyForDeploymentPostprocessing = 0;
        };
/* End PBXSourcesBuildPhase (UI Tests) section */

/* Begin XCBuildConfiguration section */
		100000000000000000000131 /* Debug */ = {
			isa = XCBuildConfiguration;
			buildSettings = {
				ALWAYS_SEARCH_USER_PATHS = NO;
				ARCHS = "$(ARCHS_STANDARD)";
				CLANG_CXX_LANGUAGE_STANDARD = "gnu++20";
				CLANG_ENABLE_MODULES = YES;
				CLANG_ENABLE_OBJC_ARC = YES;
				CODE_SIGNING_ALLOWED = NO;
				CODE_SIGNING_REQUIRED = NO;
				CODE_SIGN_IDENTITY = "-";
				DEBUG_INFORMATION_FORMAT = dwarf;
				ENABLE_PREVIEWS = YES;
				GCC_C_LANGUAGE_STANDARD = gnu17;
				MACOSX_DEPLOYMENT_TARGET = 26.0;
				ONLY_ACTIVE_ARCH = NO;
				SWIFT_APPROACHABLE_CONCURRENCY = YES;
				SWIFT_DEFAULT_ACTOR_ISOLATION = MainActor;
				SWIFT_VERSION = 6.0;
			};
			name = Debug;
		};
		100000000000000000000132 /* Release */ = {
			isa = XCBuildConfiguration;
			buildSettings = {
				ALWAYS_SEARCH_USER_PATHS = NO;
				ARCHS = "$(ARCHS_STANDARD)";
				CLANG_CXX_LANGUAGE_STANDARD = "gnu++20";
				CLANG_ENABLE_MODULES = YES;
				CLANG_ENABLE_OBJC_ARC = YES;
				CODE_SIGNING_ALLOWED = NO;
				CODE_SIGNING_REQUIRED = NO;
				CODE_SIGN_IDENTITY = "-";
				DEBUG_INFORMATION_FORMAT = dwarf-with-dsym;
				ENABLE_PREVIEWS = YES;
				GCC_C_LANGUAGE_STANDARD = gnu17;
				MACOSX_DEPLOYMENT_TARGET = 26.0;
				ONLY_ACTIVE_ARCH = NO;
				SWIFT_APPROACHABLE_CONCURRENCY = YES;
				SWIFT_DEFAULT_ACTOR_ISOLATION = MainActor;
				SWIFT_VERSION = 6.0;
			};
			name = Release;
		};
		100000000000000000000141 /* Debug */ = {
			isa = XCBuildConfiguration;
			buildSettings = {
				ASSETCATALOG_COMPILER_GLOBAL_ACCENT_COLOR_NAME = AccentColor;
				CODE_SIGNING_ALLOWED = NO;
				CODE_SIGNING_REQUIRED = NO;
				CODE_SIGN_IDENTITY = "-";
				CURRENT_PROJECT_VERSION = 1;
				GENERATE_INFOPLIST_FILE = YES;
				INFOPLIST_KEY_CFBundleDisplayName = "LoadStar Debug";
				INFOPLIST_KEY_LSApplicationCategoryType = "public.app-category.developer-tools";
				INFOPLIST_KEY_NSHumanReadableCopyright = "";
				LD_RUNPATH_SEARCH_PATHS = (
					"$(inherited)",
					"@executable_path/../Frameworks",
				);
				MACOSX_DEPLOYMENT_TARGET = 26.0;
				MARKETING_VERSION = 1.0.0;
				PRODUCT_BUNDLE_IDENTIFIER = com.tukuyomi032.loadstar.debug;
				PRODUCT_NAME = LoadStar;
				SWIFT_EMIT_LOC_STRINGS = YES;
			};
			name = Debug;
		};
        100000000000000000000142 /* Release */ = {
			isa = XCBuildConfiguration;
			buildSettings = {
				ASSETCATALOG_COMPILER_GLOBAL_ACCENT_COLOR_NAME = AccentColor;
				CODE_SIGNING_ALLOWED = NO;
				CODE_SIGNING_REQUIRED = NO;
				CODE_SIGN_IDENTITY = "-";
				CURRENT_PROJECT_VERSION = 1;
				GENERATE_INFOPLIST_FILE = YES;
				INFOPLIST_KEY_CFBundleDisplayName = LoadStar;
				INFOPLIST_KEY_LSApplicationCategoryType = "public.app-category.developer-tools";
				INFOPLIST_KEY_NSHumanReadableCopyright = "";
				LD_RUNPATH_SEARCH_PATHS = (
					"$(inherited)",
					"@executable_path/../Frameworks",
				);
				MACOSX_DEPLOYMENT_TARGET = 26.0;
				MARKETING_VERSION = 1.0.0;
				PRODUCT_BUNDLE_IDENTIFIER = com.tukuyomi032.loadstar;
				PRODUCT_NAME = LoadStar;
				SWIFT_EMIT_LOC_STRINGS = YES;
			};
            name = Release;
        };
        100000000000000000000151 /* Debug */ = {
            isa = XCBuildConfiguration;
            buildSettings = {
                CODE_SIGNING_ALLOWED = NO;
                CODE_SIGNING_REQUIRED = NO;
                GENERATE_INFOPLIST_FILE = YES;
                MACOSX_DEPLOYMENT_TARGET = 26.0;
                PRODUCT_BUNDLE_IDENTIFIER = com.tukuyomi032.loadstar.uitests;
                PRODUCT_NAME = LoadStarAppUITests;
                SWIFT_MODULE_NAME = LoadStarAppUITests;
                SWIFT_DEFAULT_ACTOR_ISOLATION = nonisolated;
                SWIFT_VERSION = 6.0;
                TEST_TARGET_NAME = LoadStar;
            };
            name = Debug;
        };
        100000000000000000000152 /* Release */ = {
            isa = XCBuildConfiguration;
            buildSettings = {
                CODE_SIGNING_ALLOWED = NO;
                CODE_SIGNING_REQUIRED = NO;
                GENERATE_INFOPLIST_FILE = YES;
                MACOSX_DEPLOYMENT_TARGET = 26.0;
                PRODUCT_BUNDLE_IDENTIFIER = com.tukuyomi032.loadstar.uitests;
                PRODUCT_NAME = LoadStarAppUITests;
                SWIFT_MODULE_NAME = LoadStarAppUITests;
                SWIFT_DEFAULT_ACTOR_ISOLATION = nonisolated;
                SWIFT_VERSION = 6.0;
                TEST_TARGET_NAME = LoadStar;
            };
            name = Release;
        };
/* End XCBuildConfiguration section */

/* Begin XCConfigurationList section */
		100000000000000000000111 /* Build configuration list for PBXProject "LoadStar" */ = {
			isa = XCConfigurationList;
			buildConfigurations = (
				100000000000000000000131 /* Debug */,
				100000000000000000000132 /* Release */,
			);
			defaultConfigurationIsVisible = 0;
			defaultConfigurationName = Release;
		};
        100000000000000000000061 /* Build configuration list for PBXNativeTarget "LoadStar" */ = {
			isa = XCConfigurationList;
			buildConfigurations = (
				100000000000000000000141 /* Debug */,
				100000000000000000000142 /* Release */,
			);
			defaultConfigurationIsVisible = 0;
            defaultConfigurationName = Release;
        };
        100000000000000000000062 /* Build configuration list for PBXNativeTarget "LoadStarAppUITests" */ = {
            isa = XCConfigurationList;
            buildConfigurations = (
                100000000000000000000151 /* Debug */,
                100000000000000000000152 /* Release */,
            );
            defaultConfigurationIsVisible = 0;
            defaultConfigurationName = Release;
        };
/* End XCConfigurationList section */

/* Begin XCLocalSwiftPackageReference section */
		100000000000000000000121 /* XCLocalSwiftPackageReference "." */ = {
			isa = XCLocalSwiftPackageReference;
			relativePath = .;
		};
/* End XCLocalSwiftPackageReference section */

/* Begin XCSwiftPackageProductDependency section */
		100000000000000000000021 /* LoadStarDomain */ = {
			isa = XCSwiftPackageProductDependency;
			productName = LoadStarDomain;
		};
        100000000000000000000022 /* LoadStarUI */ = {
            isa = XCSwiftPackageProductDependency;
            productName = LoadStarUI;
        };
        100000000000000000000023 /* LoadStarServices */ = {
            isa = XCSwiftPackageProductDependency;
            productName = LoadStarServices;
        };
/* End XCSwiftPackageProductDependency section */
	};
	rootObject = 100000000000000000000101 /* Project object */;
}
